// !$*UTF8*$!
{
	archiveVersion = 1;
	classes = {
	};
	objectVersion = 55;
	objects = {

/* Begin PBXBuildFile section */
		9060DDC527EABAFD0043AD01 /* QRCodeComponentApp.swift in Sources */ = {isa = PBXBuildFile; fileRef = 9060DDB527EABAFD0043AD01 /* QRCodeComponentApp.swift */; };
		9060DDC627EABAFD0043AD01 /* QRCodeComponentApp.swift in Sources */ = {isa = PBXBuildFile; fileRef = 9060DDB527EABAFD0043AD01 /* QRCodeComponentApp.swift */; };
		9060DDC727EABAFD0043AD01 /* ContentView.swift in Sources */ = {isa = PBXBuildFile; fileRef = 9060DDB627EABAFD0043AD01 /* ContentView.swift */; };
		9060DDC827EABAFD0043AD01 /* ContentView.swift in Sources */ = {isa = PBXBuildFile; fileRef = 9060DDB627EABAFD0043AD01 /* ContentView.swift */; };
		9060DDC927EABAFD0043AD01 /* Assets.xcassets in Resources */ = {isa = PBXBuildFile; fileRef = 9060DDB727EABAFD0043AD01 /* Assets.xcassets */; };
		9060DDCA27EABAFD0043AD01 /* Assets.xcassets in Resources */ = {isa = PBXBuildFile; fileRef = 9060DDB727EABAFD0043AD01 /* Assets.xcassets */; };
/* End PBXBuildFile section */

/* Begin PBXFileReference section */
		9060DDB527EABAFD0043AD01 /* QRCodeComponentApp.swift */ = {isa = PBXFileReference; lastKnownFileType = sourcecode.swift; path = QRCodeComponentApp.swift; sourceTree = "<group>"; };
		9060DDB627EABAFD0043AD01 /* ContentView.swift */ = {isa = PBXFileReference; lastKnownFileType = sourcecode.swift; path = ContentView.swift; sourceTree = "<group>"; };
		9060DDB727EABAFD0043AD01 /* Assets.xcassets */ = {isa = PBXFileReference; lastKnownFileType = folder.assetcatalog; path = Assets.xcassets; sourceTree = "<group>"; };
		9060DDBC27EABAFD0043AD01 /* QRCodeComponent.app */ = {isa = PBXFileReference; explicitFileType = wrapper.application; includeInIndex = 0; path = QRCodeComponent.app; sourceTree = BUILT_PRODUCTS_DIR; };
		9060DDC227EABAFD0043AD01 /* QRCodeComponent.app */ = {isa = PBXFileReference; explicitFileType = wrapper.application; includeInIndex = 0; path = QRCodeComponent.app; sourceTree = BUILT_PRODUCTS_DIR; };
		9060DDC427EABAFD0043AD01 /* macOS.entitlements */ = {isa = PBXFileReference; lastKnownFileType = text.plist.entitlements; path = macOS.entitlements; sourceTree = "<group>"; };
/* End PBXFileReference section */

/* Begin PBXFrameworksBuildPhase section */
		9060DDB927EABAFD0043AD01 /* Frameworks */ = {
			isa = PBXFrameworksBuildPhase;
			buildActionMask = 2147483647;
			files = (
			);
			runOnlyForDeploymentPostprocessing = 0;
		};
		9060DDBF27EABAFD0043AD01 /* Frameworks */ = {
			isa = PBXFrameworksBuildPhase;
			buildActionMask = 2147483647;
			files = (
			);
			runOnlyForDeploymentPostprocessing = 0;
		};
/* End PBXFrameworksBuildPhase section */

/* Begin PBXGroup section */
		9060DDAF27EABAFD0043AD01 = {
			isa = PBXGroup;
			children = (
				9060DDB427EABAFD0043AD01 /* Shared */,
				9060DDC327EABAFD0043AD01 /* macOS */,
				9060DDBD27EABAFD0043AD01 /* Products */,
			);
			sourceTree = "<group>";
		};
		9060DDB427EABAFD0043AD01 /* Shared */ = {
			isa = PBXGroup;
			children = (
				9060DDB527EABAFD0043AD01 /* QRCodeComponentApp.swift */,
				9060DDB627EABAFD0043AD01 /* ContentView.swift */,
				9060DDB727EABAFD0043AD01 /* Assets.xcassets */,
			);
			path = Shared;
			sourceTree = "<group>";
		};
		9060DDBD27EABAFD0043AD01 /* Products */ = {
			isa = PBXGroup;
			children = (
				9060DDBC27EABAFD0043AD01 /* QRCodeComponent.app */,
				9060DDC227EABAFD0043AD01 /* QRCodeComponent.app */,
			);
			name = Products;
			sourceTree = "<group>";
		};
		9060DDC327EABAFD0043AD01 /* macOS */ = {
			isa = PBXGroup;
			children = (
				9060DDC427EABAFD0043AD01 /* macOS.entitlements */,
			);
			path = macOS;
			sourceTree = "<group>";
		};
/* End PBXGroup section */

/* Begin PBXNativeTarget section */
		9060DDBB27EABAFD0043AD01 /* QRCodeComponent (iOS) */ = {
			isa = PBXNativeTarget;
			buildConfigurationList = 9060DDCD27EABAFD0043AD01 /* Build configuration list for PBXNativeTarget "QRCodeComponent (iOS)" */;
			buildPhases = (
				9060DDB827EABAFD0043AD01 /* Sources */,
				9060DDB927EABAFD0043AD01 /* Frameworks */,
				9060DDBA27EABAFD0043AD01 /* Resources */,
			);
			buildRules = (
			);
			dependencies = (
			);
			name = "QRCodeComponent (iOS)";
			productName = "QRCodeComponent (iOS)";
			productReference = 9060DDBC27EABAFD0043AD01 /* QRCodeComponent.app */;
			productType = "com.apple.product-type.application";
		};
		9060DDC127EABAFD0043AD01 /* QRCodeComponent (macOS) */ = {
			isa = PBXNativeTarget;
			buildConfigurationList = 9060DDD027EABAFD0043AD01 /* Build configuration list for PBXNativeTarget "QRCodeComponent (macOS)" */;
			buildPhases = (
				9060DDBE27EABAFD0043AD01 /* Sources */,
				9060DDBF27EABAFD0043AD01 /* Frameworks */,
				9060DDC027EABAFD0043AD01 /* Resources */,
			);
			buildRules = (
			);
			dependencies = (
			);
			name = "QRCodeComponent (macOS)";
			productName = "QRCodeComponent (macOS)";
			productReference = 9060DDC227EABAFD0043AD01 /* QRCodeComponent.app */;
			productType = "com.apple.product-type.application";
		};
/* End PBXNativeTarget section */

/* Begin PBXProject section */
		9060DDB027EABAFD0043AD01 /* Project object */ = {
			isa = PBXProject;
			attributes = {
				BuildIndependentTargetsInParallel = 1;
				LastSwiftUpdateCheck = 1330;
				LastUpgradeCheck = 1330;
				TargetAttributes = {
					9060DDBB27EABAFD0043AD01 = {
						CreatedOnToolsVersion = 13.3;
					};
					9060DDC127EABAFD0043AD01 = {
						CreatedOnToolsVersion = 13.3;
					};
				};
			};
			buildConfigurationList = 9060DDB327EABAFD0043AD01 /* Build configuration list for PBXProject "QRCodeComponent" */;
			compatibilityVersion = "Xcode 13.0";
			developmentRegion = en;
			hasScannedForEncodings = 0;
			knownRegions = (
				en,
				Base,
			);
			mainGroup = 9060DDAF27EABAFD0043AD01;
			productRefGroup = 9060DDBD27EABAFD0043AD01 /* Products */;
			projectDirPath = "";
			projectRoot = "";
			targets = (
				9060DDBB27EABAFD0043AD01 /* QRCodeComponent (iOS) */,
				9060DDC127EABAFD0043AD01 /* QRCodeComponent (macOS) */,
			);
		};
/* End PBXProject section */

/* Begin PBXResourcesBuildPhase section */
		9060DDBA27EABAFD0043AD01 /* Resources */ = {
			isa = PBXResourcesBuildPhase;
			buildActionMask = 2147483647;
			files = (
				9060DDC927EABAFD0043AD01 /* Assets.xcassets in Resources */,
			);
			runOnlyForDeploymentPostprocessing = 0;
		};
		9060DDC027EABAFD0043AD01 /* Resources */ = {
			isa = PBXResourcesBuildPhase;
			buildActionMask = 2147483647;
			files = (
				9060DDCA27EABAFD0043AD01 /* Assets.xcassets in Resources */,
			);
			runOnlyForDeploymentPostprocessing = 0;
		};
/* End PBXResourcesBuildPhase section */

/* Begin PBXSourcesBuildPhase section */
		9060DDB827EABAFD0043AD01 /* Sources */ = {
			isa = PBXSourcesBuildPhase;
			buildActionMask = 2147483647;
			files = (
				9060DDC727EABAFD0043AD01 /* ContentView.swift in Sources */,
				9060DDC527EABAFD0043AD01 /* QRCodeComponentApp.swift in Sources */,
			);
			runOnlyForDeploymentPostprocessing = 0;
		};
		9060DDBE27EABAFD0043AD01 /* Sources */ = {
			isa = PBXSourcesBuildPhase;
			buildActionMask = 2147483647;
			files = (
				9060DDC827EABAFD0043AD01 /* ContentView.swift in Sources */,
				9060DDC627EABAFD0043AD01 /* QRCodeComponentApp.swift in Sources */,
			);
			runOnlyForDeploymentPostprocessing = 0;
		};
/* End PBXSourcesBuildPhase section */

/* Begin XCBuildConfiguration section */
		9060DDCB27EABAFD0043AD01 /* Debug */ = {
			isa = XCBuildConfiguration;
			buildSettings = {
				ALWAYS_SEARCH_USER_PATHS = NO;
				CLANG_ANALYZER_NONNULL = YES;
				CLANG_ANALYZER_NUMBER_OBJECT_CONVERSION = YES_AGGRESSIVE;
				CLANG_CXX_LANGUAGE_STANDARD = "gnu++17";
				CLANG_ENABLE_MODULES = YES;
				CLANG_ENABLE_OBJC_ARC = YES;
				CLANG_ENABLE_OBJC_WEAK = YES;
				CLANG_WARN_BLOCK_CAPTURE_AUTORELEASING = YES;
				CLANG_WARN_BOOL_CONVERSION = YES;
				CLANG_WARN_COMMA = YES;
				CLANG_WARN_CONSTANT_CONVERSION = YES;
				CLANG_WARN_DEPRECATED_OBJC_IMPLEMENTATIONS = YES;
				CLANG_WARN_DIRECT_OBJC_ISA_USAGE = YES_ERROR;
				CLANG_WARN_DOCUMENTATION_COMMENTS = YES;
				CLANG_WARN_EMPTY_BODY = YES;
				CLANG_WARN_ENUM_CONVERSION = YES;
				CLANG_WARN_INFINITE_RECURSION = YES;
				CLANG_WARN_INT_CONVERSION = YES;
				CLANG_WARN_NON_LITERAL_NULL_CONVERSION = YES;
				CLANG_WARN_OBJC_IMPLICIT_RETAIN_SELF = YES;
				CLANG_WARN_OBJC_LITERAL_CONVERSION = YES;
				CLANG_WARN_OBJC_ROOT_CLASS = YES_ERROR;
				CLANG_WARN_QUOTED_INCLUDE_IN_FRAMEWORK_HEADER = YES;
				CLANG_WARN_RANGE_LOOP_ANALYSIS = YES;
				CLANG_WARN_STRICT_PROTOTYPES = YES;
				CLANG_WARN_SUSPICIOUS_MOVE = YES;
				CLANG_WARN_UNGUARDED_AVAILABILITY = YES_AGGRESSIVE;
				CLANG_WARN_UNREACHABLE_CODE = YES;
				CLANG_WARN__DUPLICATE_METHOD_MATCH = YES;
				COPY_PHASE_STRIP = NO;
				DEBUG_INFORMATION_FORMAT = dwarf;
				ENABLE_STRICT_OBJC_MSGSEND = YES;
				ENABLE_TESTABILITY = YES;
				GCC_C_LANGUAGE_STANDARD = gnu11;
				GCC_DYNAMIC_NO_PIC = NO;
				GCC_NO_COMMON_BLOCKS = YES;
				GCC_OPTIMIZATION_LEVEL = 0;
				GCC_PREPROCESSOR_DEFINITIONS = (
					"DEBUG=1",
					"$(inherited)",
				);
				GCC_WARN_64_TO_32_BIT_CONVERSION = YES;
				GCC_WARN_ABOUT_RETURN_TYPE = YES_ERROR;
				GCC_WARN_UNDECLARED_SELECTOR = YES;
				GCC_WARN_UNINITIALIZED_AUTOS = YES_AGGRESSIVE;
				GCC_WARN_UNUSED_FUNCTION = YES;
				GCC_WARN_UNUSED_VARIABLE = YES;
				MTL_ENABLE_DEBUG_INFO = INCLUDE_SOURCE;
				MTL_FAST_MATH = YES;
				ONLY_ACTIVE_ARCH = YES;
				SWIFT_ACTIVE_COMPILATION_CONDITIONS = DEBUG;
				SWIFT_OPTIMIZATION_LEVEL = "-Onone";
			};
			name = Debug;
		};
		9060DDCC27EABAFD0043AD01 /* Release */ = {
			isa = XCBuildConfiguration;
			buildSettings = {
				ALWAYS_SEARCH_USER_PATHS = NO;
				CLANG_ANALYZER_NONNULL = YES;
				CLANG_ANALYZER_NUMBER_OBJECT_CONVERSION = YES_AGGRESSIVE;
				CLANG_CXX_LANGUAGE_STANDARD = "gnu++17";
				CLANG_ENABLE_MODULES = YES;
				CLANG_ENABLE_OBJC_ARC = YES;
				CLANG_ENABLE_OBJC_WEAK = YES;
				CLANG_WARN_BLOCK_CAPTURE_AUTORELEASING = YES;
				CLANG_WARN_BOOL_CONVERSION = YES;
				CLANG_WARN_COMMA = YES;
				CLANG_WARN_CONSTANT_CONVERSION = YES;
				CLANG_WARN_DEPRECATED_OBJC_IMPLEMENTATIONS = YES;
				CLANG_WARN_DIRECT_OBJC_ISA_USAGE = YES_ERROR;
				CLANG_WARN_DOCUMENTATION_COMMENTS = YES;
				CLANG_WARN_EMPTY_BODY = YES;
				CLANG_WARN_ENUM_CONVERSION = YES;
				CLANG_WARN_INFINITE_RECURSION = YES;
				CLANG_WARN_INT_CONVERSION = YES;
				CLANG_WARN_NON_LITERAL_NULL_CONVERSION = YES;
				CLANG_WARN_OBJC_IMPLICIT_RETAIN_SELF = YES;
				CLANG_WARN_OBJC_LITERAL_CONVERSION = YES;
				CLANG_WARN_OBJC_ROOT_CLASS = YES_ERROR;
				CLANG_WARN_QUOTED_INCLUDE_IN_FRAMEWORK_HEADER = YES;
				CLANG_WARN_RANGE_LOOP_ANALYSIS = YES;
				CLANG_WARN_STRICT_PROTOTYPES = YES;
				CLANG_WARN_SUSPICIOUS_MOVE = YES;
				CLANG_WARN_UNGUARDED_AVAILABILITY = YES_AGGRESSIVE;
				CLANG_WARN_UNREACHABLE_CODE = YES;
				CLANG_WARN__DUPLICATE_METHOD_MATCH = YES;
				COPY_PHASE_STRIP = NO;
				DEBUG_INFORMATION_FORMAT = "dwarf-with-dsym";
				ENABLE_NS_ASSERTIONS = NO;
				ENABLE_STRICT_OBJC_MSGSEND = YES;
				GCC_C_LANGUAGE_STANDARD = gnu11;
				GCC_NO_COMMON_BLOCKS = YES;
				GCC_WARN_64_TO_32_BIT_CONVERSION = YES;
				GCC_WARN_ABOUT_RETURN_TYPE = YES_ERROR;
				GCC_WARN_UNDECLARED_SELECTOR = YES;
				GCC_WARN_UNINITIALIZED_AUTOS = YES_AGGRESSIVE;
				GCC_WARN_UNUSED_FUNCTION = YES;
				GCC_WARN_UNUSED_VARIABLE = YES;
				MTL_ENABLE_DEBUG_INFO = NO;
				MTL_FAST_MATH = YES;
				SWIFT_COMPILATION_MODE = wholemodule;
				SWIFT_OPTIMIZATION_LEVEL = "-O";
			};
			name = Release;
		};
		9060DDCE27EABAFD0043AD01 /* Debug */ = {
			isa = XCBuildConfiguration;
			buildSettings = {
				ASSETCATALOG_COMPILER_APPICON_NAME = AppIcon;
				ASSETCATALOG_COMPILER_GLOBAL_ACCENT_COLOR_NAME = AccentColor;
				CODE_SIGN_STYLE = Automatic;
				CURRENT_PROJECT_VERSION = 1;
				DEVELOPMENT_TEAM = 862P2X6G9G;
				ENABLE_PREVIEWS = YES;
				GENERATE_INFOPLIST_FILE = YES;
				INFOPLIST_KEY_UIApplicationSceneManifest_Generation = YES;
				INFOPLIST_KEY_UIApplicationSupportsIndirectInputEvents = YES;
				INFOPLIST_KEY_UILaunchScreen_Generation = YES;
				INFOPLIST_KEY_UISupportedInterfaceOrientations_iPad = "UIInterfaceOrientationPortrait UIInterfaceOrientationPortraitUpsideDown UIInterfaceOrientationLandscapeLeft UIInterfaceOrientationLandscapeRight";
				INFOPLIST_KEY_UISupportedInterfaceOrientations_iPhone = "UIInterfaceOrientationPortrait UIInterfaceOrientationLandscapeLeft UIInterfaceOrientationLandscapeRight";
				IPHONEOS_DEPLOYMENT_TARGET = 15.4;
				LD_RUNPATH_SEARCH_PATHS = (
					"$(inherited)",
					"@executable_path/Frameworks",
				);
				MARKETING_VERSION = 1.0;
				PRODUCT_BUNDLE_IDENTIFIER = me.jinwook.kim.QRCodeComponent;
				PRODUCT_NAME = QRCodeComponent;
				SDKROOT = iphoneos;
				SWIFT_EMIT_LOC_STRINGS = YES;
				SWIFT_VERSION = 5.0;
				TARGETED_DEVICE_FAMILY = "1,2";
			};
			name = Debug;
		};
		9060DDCF27EABAFD0043AD01 /* Release */ = {
			isa = XCBuildConfiguration;
			buildSettings = {
				ASSETCATALOG_COMPILER_APPICON_NAME = AppIcon;
				ASSETCATALOG_COMPILER_GLOBAL_ACCENT_COLOR_NAME = AccentColor;
				CODE_SIGN_STYLE = Automatic;
				CURRENT_PROJECT_VERSION = 1;
				DEVELOPMENT_TEAM = 862P2X6G9G;
				ENABLE_PREVIEWS = YES;
				GENERATE_INFOPLIST_FILE = YES;
				INFOPLIST_KEY_UIApplicationSceneManifest_Generation = YES;
				INFOPLIST_KEY_UIApplicationSupportsIndirectInputEvents = YES;
				INFOPLIST_KEY_UILaunchScreen_Generation = YES;
				INFOPLIST_KEY_UISupportedInterfaceOrientations_iPad = "UIInterfaceOrientationPortrait UIInterfaceOrientationPortraitUpsideDown UIInterfaceOrientationLandscapeLeft UIInterfaceOrientationLandscapeRight";
				INFOPLIST_KEY_UISupportedInterfaceOrientations_iPhone = "UIInterfaceOrientationPortrait UIInterfaceOrientationLandscapeLeft UIInterfaceOrientationLandscapeRight";
				IPHONEOS_DEPLOYMENT_TARGET = 15.4;
				LD_RUNPATH_SEARCH_PATHS = (
					"$(inherited)",
					"@executable_path/Frameworks",
				);
				MARKETING_VERSION = 1.0;
				PRODUCT_BUNDLE_IDENTIFIER = me.jinwook.kim.QRCodeComponent;
				PRODUCT_NAME = QRCodeComponent;
				SDKROOT = iphoneos;
				SWIFT_EMIT_LOC_STRINGS = YES;
				SWIFT_VERSION = 5.0;
				TARGETED_DEVICE_FAMILY = "1,2";
				VALIDATE_PRODUCT = YES;
			};
			name = Release;
		};
		9060DDD127EABAFD0043AD01 /* Debug */ = {
			isa = XCBuildConfiguration;
			buildSettings = {
				ASSETCATALOG_COMPILER_APPICON_NAME = AppIcon;
				ASSETCATALOG_COMPILER_GLOBAL_ACCENT_COLOR_NAME = AccentColor;
				CODE_SIGN_ENTITLEMENTS = macOS/macOS.entitlements;
				CODE_SIGN_STYLE = Automatic;
				COMBINE_HIDPI_IMAGES = YES;
				CURRENT_PROJECT_VERSION = 1;
				DEVELOPMENT_TEAM = 862P2X6G9G;
				ENABLE_HARDENED_RUNTIME = YES;
				ENABLE_PREVIEWS = YES;
				GENERATE_INFOPLIST_FILE = YES;
				INFOPLIST_KEY_NSHumanReadableCopyright = "";
				LD_RUNPATH_SEARCH_PATHS = (
					"$(inherited)",
					"@executable_path/../Frameworks",
				);
				MACOSX_DEPLOYMENT_TARGET = 12.3;
				MARKETING_VERSION = 1.0;
				PRODUCT_BUNDLE_IDENTIFIER = me.jinwook.kim.QRCodeComponent;
				PRODUCT_NAME = QRCodeComponent;
				SDKROOT = macosx;
				SWIFT_EMIT_LOC_STRINGS = YES;
				SWIFT_VERSION = 5.0;
			};
			name = Debug;
		};
		9060DDD227EABAFD0043AD01 /* Release */ = {
			isa = XCBuildConfiguration;
			buildSettings = {
				ASSETCATALOG_COMPILER_APPICON_NAME = AppIcon;
				ASSETCATALOG_COMPILER_GLOBAL_ACCENT_COLOR_NAME = AccentColor;
				CODE_SIGN_ENTITLEMENTS = macOS/macOS.entitlements;
				CODE_SIGN_STYLE = Automatic;
				COMBINE_HIDPI_IMAGES = YES;
				CURRENT_PROJECT_VERSION = 1;
				DEVELOPMENT_TEAM = 862P2X6G9G;
				ENABLE_HARDENED_RUNTIME = YES;
				ENABLE_PREVIEWS = YES;
				GENERATE_INFOPLIST_FILE = YES;
				INFOPLIST_KEY_NSHumanReadableCopyright = "";
				LD_RUNPATH_SEARCH_PATHS = (
					"$(inherited)",
					"@executable_path/../Frameworks",
				);
				MACOSX_DEPLOYMENT_TARGET = 12.3;
				MARKETING_VERSION = 1.0;
				PRODUCT_BUNDLE_IDENTIFIER = me.jinwook.kim.QRCodeComponent;
				PRODUCT_NAME = QRCodeComponent;
				SDKROOT = macosx;
				SWIFT_EMIT_LOC_STRINGS = YES;
				SWIFT_VERSION = 5.0;
			};
			name = Release;
		};
/* End XCBuildConfiguration section */

/* Begin XCConfigurationList section */
		9060DDB327EABAFD0043AD01 /* Build configuration list for PBXProject "QRCodeComponent" */ = {
			isa = XCConfigurationList;
			buildConfigurations = (
				9060DDCB27EABAFD0043AD01 /* Debug */,
				9060DDCC27EABAFD0043AD01 /* Release */,
			);
			defaultConfigurationIsVisible = 0;
			defaultConfigurationName = Release;
		};
		9060DDCD27EABAFD0043AD01 /* Build configuration list for PBXNativeTarget "QRCodeComponent (iOS)" */ = {
			isa = XCConfigurationList;
			buildConfigurations = (
				9060DDCE27EABAFD0043AD01 /* Debug */,
				9060DDCF27EABAFD0043AD01 /* Release */,
			);
			defaultConfigurationIsVisible = 0;
			defaultConfigurationName = Release;
		};
		9060DDD027EABAFD0043AD01 /* Build configuration list for PBXNativeTarget "QRCodeComponent (macOS)" */ = {
			isa = XCConfigurationList;
			buildConfigurations = (
				9060DDD127EABAFD0043AD01 /* Debug */,
				9060DDD227EABAFD0043AD01 /* Release */,
			);
			defaultConfigurationIsVisible = 0;
			defaultConfigurationName = Release;
		};
/* End XCConfigurationList section */
	};
	rootObject = 9060DDB027EABAFD0043AD01 /* Project object */;
}
